// !$*UTF8*$!
{
	archiveVersion = 1;
	classes = {
	};
	objectVersion = 46;
	objects = {

/* Begin PBXBuildFile section */
		9AE729EC1F87ABA900AB3512 /* AppDelegate.swift in Sources */ = {isa = PBXBuildFile; fileRef = 9AE729EB1F87ABA900AB3512 /* AppDelegate.swift */; };
		9AE729EE1F87ABA900AB3512 /* ViewController.swift in Sources */ = {isa = PBXBuildFile; fileRef = 9AE729ED1F87ABA900AB3512 /* ViewController.swift */; };
		9AE729F11F87ABA900AB3512 /* Main.storyboard in Resources */ = {isa = PBXBuildFile; fileRef = 9AE729EF1F87ABA900AB3512 /* Main.storyboard */; };
		9AE729F31F87ABA900AB3512 /* Assets.xcassets in Resources */ = {isa = PBXBuildFile; fileRef = 9AE729F21F87ABA900AB3512 /* Assets.xcassets */; };
		9AE729F61F87ABA900AB3512 /* LaunchScreen.storyboard in Resources */ = {isa = PBXBuildFile; fileRef = 9AE729F41F87ABA900AB3512 /* LaunchScreen.storyboard */; };
		9AE72A011F87ABA900AB3512 /* SecondKadaiAppTests.swift in Sources */ = {isa = PBXBuildFile; fileRef = 9AE72A001F87ABA900AB3512 /* SecondKadaiAppTests.swift */; };
		9AE72A0C1F87ABA900AB3512 /* SecondKadaiAppUITests.swift in Sources */ = {isa = PBXBuildFile; fileRef = 9AE72A0B1F87ABA900AB3512 /* SecondKadaiAppUITests.swift */; };
/* End PBXBuildFile section */

/* Begin PBXContainerItemProxy section */
		9AE729FD1F87ABA900AB3512 /* PBXContainerItemProxy */ = {
			isa = PBXContainerItemProxy;
			containerPortal = 9AE729E01F87ABA900AB3512 /* Project object */;
			proxyType = 1;
			remoteGlobalIDString = 9AE729E71F87ABA900AB3512;
			remoteInfo = SecondKadaiApp;
		};
		9AE72A081F87ABA900AB3512 /* PBXContainerItemProxy */ = {
			isa = PBXContainerItemProxy;
			containerPortal = 9AE729E01F87ABA900AB3512 /* Project object */;
			proxyType = 1;
			remoteGlobalIDString = 9AE729E71F87ABA900AB3512;
			remoteInfo = SecondKadaiApp;
		};
/* End PBXContainerItemProxy section */

/* Begin PBXFileReference section */
		9AE729E81F87ABA900AB3512 /* SecondKadaiApp.app */ = {isa = PBXFileReference; explicitFileType = wrapper.application; includeInIndex = 0; path = SecondKadaiApp.app; sourceTree = BUILT_PRODUCTS_DIR; };
		9AE729EB1F87ABA900AB3512 /* AppDelegate.swift */ = {isa = PBXFileReference; lastKnownFileType = sourcecode.swift; path = AppDelegate.swift; sourceTree = "<group>"; };
		9AE729ED1F87ABA900AB3512 /* ViewController.swift */ = {isa = PBXFileReference; lastKnownFileType = sourcecode.swift; path = ViewController.swift; sourceTree = "<group>"; };
		9AE729F01F87ABA900AB3512 /* Base */ = {isa = PBXFileReference; lastKnownFileType = file.storyboard; name = Base; path = Base.lproj/Main.storyboard; sourceTree = "<group>"; };
		9AE729F21F87ABA900AB3512 /* Assets.xcassets */ = {isa = PBXFileReference; lastKnownFileType = folder.assetcatalog; path = Assets.xcassets; sourceTree = "<group>"; };
		9AE729F51F87ABA900AB3512 /* Base */ = {isa = PBXFileReference; lastKnownFileType = file.storyboard; name = Base; path = Base.lproj/LaunchScreen.storyboard; sourceTree = "<group>"; };
		9AE729F71F87ABA900AB3512 /* Info.plist */ = {isa = PBXFileReference; lastKnownFileType = text.plist.xml; path = Info.plist; sourceTree = "<group>"; };
		9AE729FC1F87ABA900AB3512 /* SecondKadaiAppTests.xctest */ = {isa = PBXFileReference; explicitFileType = wrapper.cfbundle; includeInIndex = 0; path = SecondKadaiAppTests.xctest; sourceTree = BUILT_PRODUCTS_DIR; };
		9AE72A001F87ABA900AB3512 /* SecondKadaiAppTests.swift */ = {isa = PBXFileReference; lastKnownFileType = sourcecode.swift; path = SecondKadaiAppTests.swift; sourceTree = "<group>"; };
		9AE72A021F87ABA900AB3512 /* Info.plist */ = {isa = PBXFileReference; lastKnownFileType = text.plist.xml; path = Info.plist; sourceTree = "<group>"; };
		9AE72A071F87ABA900AB3512 /* SecondKadaiAppUITests.xctest */ = {isa = PBXFileReference; explicitFileType = wrapper.cfbundle; includeInIndex = 0; path = SecondKadaiAppUITests.xctest; sourceTree = BUILT_PRODUCTS_DIR; };
		9AE72A0B1F87ABA900AB3512 /* SecondKadaiAppUITests.swift */ = {isa = PBXFileReference; lastKnownFileType = sourcecode.swift; path = SecondKadaiAppUITests.swift; sourceTree = "<group>"; };
		9AE72A0D1F87ABA900AB3512 /* Info.plist */ = {isa = PBXFileReference; lastKnownFileType = text.plist.xml; path = Info.plist; sourceTree = "<group>"; };
/* End PBXFileReference section */

/* Begin PBXFrameworksBuildPhase section */
		9AE729E51F87ABA900AB3512 /* Frameworks */ = {
			isa = PBXFrameworksBuildPhase;
			buildActionMask = 2147483647;
			files = (
			);
			runOnlyForDeploymentPostprocessing = 0;
		};
		9AE729F91F87ABA900AB3512 /* Frameworks */ = {
			isa = PBXFrameworksBuildPhase;
			buildActionMask = 2147483647;
			files = (
			);
			runOnlyForDeploymentPostprocessing = 0;
		};
		9AE72A041F87ABA900AB3512 /* Frameworks */ = {
			isa = PBXFrameworksBuildPhase;
			buildActionMask = 2147483647;
			files = (
			);
			runOnlyForDeploymentPostprocessing = 0;
		};
/* End PBXFrameworksBuildPhase section */

/* Begin PBXGroup section */
		9AE729DF1F87ABA900AB3512 = {
			isa = PBXGroup;
			children = (
				9AE729EA1F87ABA900AB3512 /* SecondKadaiApp */,
				9AE729FF1F87ABA900AB3512 /* SecondKadaiAppTests */,
				9AE72A0A1F87ABA900AB3512 /* SecondKadaiAppUITests */,
				9AE729E91F87ABA900AB3512 /* Products */,
			);
			sourceTree = "<group>";
		};
		9AE729E91F87ABA900AB3512 /* Products */ = {
			isa = PBXGroup;
			children = (
				9AE729E81F87ABA900AB3512 /* SecondKadaiApp.app */,
				9AE729FC1F87ABA900AB3512 /* SecondKadaiAppTests.xctest */,
				9AE72A071F87ABA900AB3512 /* SecondKadaiAppUITests.xctest */,
			);
			name = Products;
			sourceTree = "<group>";
		};
		9AE729EA1F87ABA900AB3512 /* SecondKadaiApp */ = {
			isa = PBXGroup;
			children = (
				9AE729EB1F87ABA900AB3512 /* AppDelegate.swift */,
				9AE729ED1F87ABA900AB3512 /* ViewController.swift */,
				9AE729EF1F87ABA900AB3512 /* Main.storyboard */,
				9AE729F21F87ABA900AB3512 /* Assets.xcassets */,
				9AE729F41F87ABA900AB3512 /* LaunchScreen.storyboard */,
				9AE729F71F87ABA900AB3512 /* Info.plist */,
			);
			path = SecondKadaiApp;
			sourceTree = "<group>";
		};
		9AE729FF1F87ABA900AB3512 /* SecondKadaiAppTests */ = {
			isa = PBXGroup;
			children = (
				9AE72A001F87ABA900AB3512 /* SecondKadaiAppTests.swift */,
				9AE72A021F87ABA900AB3512 /* Info.plist */,
			);
			path = SecondKadaiAppTests;
			sourceTree = "<group>";
		};
		9AE72A0A1F87ABA900AB3512 /* SecondKadaiAppUITests */ = {
			isa = PBXGroup;
			children = (
				9AE72A0B1F87ABA900AB3512 /* SecondKadaiAppUITests.swift */,
				9AE72A0D1F87ABA900AB3512 /* Info.plist */,
			);
			path = SecondKadaiAppUITests;
			sourceTree = "<group>";
		};
/* End PBXGroup section */

/* Begin PBXNativeTarget section */
		9AE729E71F87ABA900AB3512 /* SecondKadaiApp */ = {
			isa = PBXNativeTarget;
			buildConfigurationList = 9AE72A101F87ABA900AB3512 /* Build configuration list for PBXNativeTarget "SecondKadaiApp" */;
			buildPhases = (
				9AE729E41F87ABA900AB3512 /* Sources */,
				9AE729E51F87ABA900AB3512 /* Frameworks */,
				9AE729E61F87ABA900AB3512 /* Resources */,
			);
			buildRules = (
			);
			dependencies = (
			);
			name = SecondKadaiApp;
			productName = SecondKadaiApp;
			productReference = 9AE729E81F87ABA900AB3512 /* SecondKadaiApp.app */;
			productType = "com.apple.product-type.application";
		};
		9AE729FB1F87ABA900AB3512 /* SecondKadaiAppTests */ = {
			isa = PBXNativeTarget;
			buildConfigurationList = 9AE72A131F87ABA900AB3512 /* Build configuration list for PBXNativeTarget "SecondKadaiAppTests" */;
			buildPhases = (
				9AE729F81F87ABA900AB3512 /* Sources */,
				9AE729F91F87ABA900AB3512 /* Frameworks */,
				9AE729FA1F87ABA900AB3512 /* Resources */,
			);
			buildRules = (
			);
			dependencies = (
				9AE729FE1F87ABA900AB3512 /* PBXTargetDependency */,
			);
			name = SecondKadaiAppTests;
			productName = SecondKadaiAppTests;
			productReference = 9AE729FC1F87ABA900AB3512 /* SecondKadaiAppTests.xctest */;
			productType = "com.apple.product-type.bundle.unit-test";
		};
		9AE72A061F87ABA900AB3512 /* SecondKadaiAppUITests */ = {
			isa = PBXNativeTarget;
			buildConfigurationList = 9AE72A161F87ABA900AB3512 /* Build configuration list for PBXNativeTarget "SecondKadaiAppUITests" */;
			buildPhases = (
				9AE72A031F87ABA900AB3512 /* Sources */,
				9AE72A041F87ABA900AB3512 /* Frameworks */,
				9AE72A051F87ABA900AB3512 /* Resources */,
			);
			buildRules = (
			);
			dependencies = (
				9AE72A091F87ABA900AB3512 /* PBXTargetDependency */,
			);
			name = SecondKadaiAppUITests;
			productName = SecondKadaiAppUITests;
			productReference = 9AE72A071F87ABA900AB3512 /* SecondKadaiAppUITests.xctest */;
			productType = "com.apple.product-type.bundle.ui-testing";
		};
/* End PBXNativeTarget section */

/* Begin PBXProject section */
		9AE729E01F87ABA900AB3512 /* Project object */ = {
			isa = PBXProject;
			attributes = {
				LastSwiftUpdateCheck = 0830;
				LastUpgradeCheck = 0830;
				ORGANIZATIONNAME = "yukichi-github";
				TargetAttributes = {
					9AE729E71F87ABA900AB3512 = {
						CreatedOnToolsVersion = 8.3.3;
						ProvisioningStyle = Automatic;
					};
					9AE729FB1F87ABA900AB3512 = {
						CreatedOnToolsVersion = 8.3.3;
						ProvisioningStyle = Automatic;
						TestTargetID = 9AE729E71F87ABA900AB3512;
					};
					9AE72A061F87ABA900AB3512 = {
						CreatedOnToolsVersion = 8.3.3;
						ProvisioningStyle = Automatic;
						TestTargetID = 9AE729E71F87ABA900AB3512;
					};
				};
			};
			buildConfigurationList = 9AE729E31F87ABA900AB3512 /* Build configuration list for PBXProject "SecondKadaiApp" */;
			compatibilityVersion = "Xcode 3.2";
			developmentRegion = English;
			hasScannedForEncodings = 0;
			knownRegions = (
				en,
				Base,
			);
			mainGroup = 9AE729DF1F87ABA900AB3512;
			productRefGroup = 9AE729E91F87ABA900AB3512 /* Products */;
			projectDirPath = "";
			projectRoot = "";
			targets = (
				9AE729E71F87ABA900AB3512 /* SecondKadaiApp */,
				9AE729FB1F87ABA900AB3512 /* SecondKadaiAppTests */,
				9AE72A061F87ABA900AB3512 /* SecondKadaiAppUITests */,
			);
		};
/* End PBXProject section */

/* Begin PBXResourcesBuildPhase section */
		9AE729E61F87ABA900AB3512 /* Resources */ = {
			isa = PBXResourcesBuildPhase;
			buildActionMask = 2147483647;
			files = (
				9AE729F61F87ABA900AB3512 /* LaunchScreen.storyboard in Resources */,
				9AE729F31F87ABA900AB3512 /* Assets.xcassets in Resources */,
				9AE729F11F87ABA900AB3512 /* Main.storyboard in Resources */,
			);
			runOnlyForDeploymentPostprocessing = 0;
		};
		9AE729FA1F87ABA900AB3512 /* Resources */ = {
			isa = PBXResourcesBuildPhase;
			buildActionMask = 2147483647;
			files = (
			);
			runOnlyForDeploymentPostprocessing = 0;
		};
		9AE72A051F87ABA900AB3512 /* Resources */ = {
			isa = PBXResourcesBuildPhase;
			buildActionMask = 2147483647;
			files = (
			);
			runOnlyForDeploymentPostprocessing = 0;
		};
/* End PBXResourcesBuildPhase section */

/* Begin PBXSourcesBuildPhase section */
		9AE729E41F87ABA900AB3512 /* Sources */ = {
			isa = PBXSourcesBuildPhase;
			buildActionMask = 2147483647;
			files = (
				9AE729EE1F87ABA900AB3512 /* ViewController.swift in Sources */,
				9AE729EC1F87ABA900AB3512 /* AppDelegate.swift in Sources */,
			);
			runOnlyForDeploymentPostprocessing = 0;
		};
		9AE729F81F87ABA900AB3512 /* Sources */ = {
			isa = PBXSourcesBuildPhase;
			buildActionMask = 2147483647;
			files = (
				9AE72A011F87ABA900AB3512 /* SecondKadaiAppTests.swift in Sources */,
			);
			runOnlyForDeploymentPostprocessing = 0;
		};
		9AE72A031F87ABA900AB3512 /* Sources */ = {
			isa = PBXSourcesBuildPhase;
			buildActionMask = 2147483647;
			files = (
				9AE72A0C1F87ABA900AB3512 /* SecondKadaiAppUITests.swift in Sources */,
			);
			runOnlyForDeploymentPostprocessing = 0;
		};
/* End PBXSourcesBuildPhase section */

/* Begin PBXTargetDependency section */
		9AE729FE1F87ABA900AB3512 /* PBXTargetDependency */ = {
			isa = PBXTargetDependency;
			target = 9AE729E71F87ABA900AB3512 /* SecondKadaiApp */;
			targetProxy = 9AE729FD1F87ABA900AB3512 /* PBXContainerItemProxy */;
		};
		9AE72A091F87ABA900AB3512 /* PBXTargetDependency */ = {
			isa = PBXTargetDependency;
			target = 9AE729E71F87ABA900AB3512 /* SecondKadaiApp */;
			targetProxy = 9AE72A081F87ABA900AB3512 /* PBXContainerItemProxy */;
		};
/* End PBXTargetDependency section */

/* Begin PBXVariantGroup section */
		9AE729EF1F87ABA900AB3512 /* Main.storyboard */ = {
			isa = PBXVariantGroup;
			children = (
				9AE729F01F87ABA900AB3512 /* Base */,
			);
			name = Main.storyboard;
			sourceTree = "<group>";
		};
		9AE729F41F87ABA900AB3512 /* LaunchScreen.storyboard */ = {
			isa = PBXVariantGroup;
			children = (
				9AE729F51F87ABA900AB3512 /* Base */,
			);
			name = LaunchScreen.storyboard;
			sourceTree = "<group>";
		};
/* End PBXVariantGroup section */

/* Begin XCBuildConfiguration section */
		9AE72A0E1F87ABA900AB3512 /* Debug */ = {
			isa = XCBuildConfiguration;
			buildSettings = {
				ALWAYS_SEARCH_USER_PATHS = NO;
				CLANG_ANALYZER_NONNULL = YES;
				CLANG_ANALYZER_NUMBER_OBJECT_CONVERSION = YES_AGGRESSIVE;
				CLANG_CXX_LANGUAGE_STANDARD = "gnu++0x";
				CLANG_CXX_LIBRARY = "libc++";
				CLANG_ENABLE_MODULES = YES;
				CLANG_ENABLE_OBJC_ARC = YES;
				CLANG_WARN_BOOL_CONVERSION = YES;
				CLANG_WARN_CONSTANT_CONVERSION = YES;
				CLANG_WARN_DIRECT_OBJC_ISA_USAGE = YES_ERROR;
				CLANG_WARN_DOCUMENTATION_COMMENTS = YES;
				CLANG_WARN_EMPTY_BODY = YES;
				CLANG_WARN_ENUM_CONVERSION = YES;
				CLANG_WARN_INFINITE_RECURSION = YES;
				CLANG_WARN_INT_CONVERSION = YES;
				CLANG_WARN_OBJC_ROOT_CLASS = YES_ERROR;
				CLANG_WARN_SUSPICIOUS_MOVE = YES;
				CLANG_WARN_UNREACHABLE_CODE = YES;
				CLANG_WARN__DUPLICATE_METHOD_MATCH = YES;
				"CODE_SIGN_IDENTITY[sdk=iphoneos*]" = "iPhone Developer";
				COPY_PHASE_STRIP = NO;
				DEBUG_INFORMATION_FORMAT = dwarf;
				ENABLE_STRICT_OBJC_MSGSEND = YES;
				ENABLE_TESTABILITY = YES;
				GCC_C_LANGUAGE_STANDARD = gnu99;
				GCC_DYNAMIC_NO_PIC = NO;
				GCC_NO_COMMON_BLOCKS = YES;
				GCC_OPTIMIZATION_LEVEL = 0;
				GCC_PREPROCESSOR_DEFINITIONS = (
					"DEBUG=1",
					"$(inherited)",
				);
				GCC_WARN_64_TO_32_BIT_CONVERSION = YES;
				GCC_WARN_ABOUT_RETURN_TYPE = YES_ERROR;
				GCC_WARN_UNDECLARED_SELECTOR = YES;
				GCC_WARN_UNINITIALIZED_AUTOS = YES_AGGRESSIVE;
				GCC_WARN_UNUSED_FUNCTION = YES;
				GCC_WARN_UNUSED_VARIABLE = YES;
				IPHONEOS_DEPLOYMENT_TARGET = 10.3;
				MTL_ENABLE_DEBUG_INFO = YES;
				ONLY_ACTIVE_ARCH = YES;
				SDKROOT = iphoneos;
				SWIFT_ACTIVE_COMPILATION_CONDITIONS = DEBUG;
				SWIFT_OPTIMIZATION_LEVEL = "-Onone";
				TARGETED_DEVICE_FAMILY = "1,2";
			};
			name = Debug;
		};
		9AE72A0F1F87ABA900AB3512 /* Release */ = {
			isa = XCBuildConfiguration;
			buildSettings = {
				ALWAYS_SEARCH_USER_PATHS = NO;
				CLANG_ANALYZER_NONNULL = YES;
				CLANG_ANALYZER_NUMBER_OBJECT_CONVERSION = YES_AGGRESSIVE;
				CLANG_CXX_LANGUAGE_STANDARD = "gnu++0x";
				CLANG_CXX_LIBRARY = "libc++";
				CLANG_ENABLE_MODULES = YES;
				CLANG_ENABLE_OBJC_ARC = YES;
				CLANG_WARN_BOOL_CONVERSION = YES;
				CLANG_WARN_CONSTANT_CONVERSION = YES;
				CLANG_WARN_DIRECT_OBJC_ISA_USAGE = YES_ERROR;
				CLANG_WARN_DOCUMENTATION_COMMENTS = YES;
				CLANG_WARN_EMPTY_BODY = YES;
				CLANG_WARN_ENUM_CONVERSION = YES;
				CLANG_WARN_INFINITE_RECURSION = YES;
				CLANG_WARN_INT_CONVERSION = YES;
				CLANG_WARN_OBJC_ROOT_CLASS = YES_ERROR;
				CLANG_WARN_SUSPICIOUS_MOVE = YES;
				CLANG_WARN_UNREACHABLE_CODE = YES;
				CLANG_WARN__DUPLICATE_METHOD_MATCH = YES;
				"CODE_SIGN_IDENTITY[sdk=iphoneos*]" = "iPhone Developer";
				COPY_PHASE_STRIP = NO;
				DEBUG_INFORMATION_FORMAT = "dwarf-with-dsym";
				ENABLE_NS_ASSERTIONS = NO;
				ENABLE_STRICT_OBJC_MSGSEND = YES;
				GCC_C_LANGUAGE_STANDARD = gnu99;
				GCC_NO_COMMON_BLOCKS = YES;
				GCC_WARN_64_TO_32_BIT_CONVERSION = YES;
				GCC_WARN_ABOUT_RETURN_TYPE = YES_ERROR;
				GCC_WARN_UNDECLARED_SELECTOR = YES;
				GCC_WARN_UNINITIALIZED_AUTOS = YES_AGGRESSIVE;
				GCC_WARN_UNUSED_FUNCTION = YES;
				GCC_WARN_UNUSED_VARIABLE = YES;
				IPHONEOS_DEPLOYMENT_TARGET = 10.3;
				MTL_ENABLE_DEBUG_INFO = NO;
				SDKROOT = iphoneos;
				SWIFT_OPTIMIZATION_LEVEL = "-Owholemodule";
				TARGETED_DEVICE_FAMILY = "1,2";
				VALIDATE_PRODUCT = YES;
			};
			name = Release;
		};
		9AE72A111F87ABA900AB3512 /* Debug */ = {
			isa = XCBuildConfiguration;
			buildSettings = {
				ASSETCATALOG_COMPILER_APPICON_NAME = AppIcon;
				INFOPLIST_FILE = SecondKadaiApp/Info.plist;
				LD_RUNPATH_SEARCH_PATHS = "$(inherited) @executable_path/Frameworks";
				PRODUCT_BUNDLE_IDENTIFIER = "jp.techacademy.yukichi-github.SecondKadaiApp";
				PRODUCT_NAME = "$(TARGET_NAME)";
				SWIFT_VERSION = 3.0;
			};
			name = Debug;
		};
		9AE72A121F87ABA900AB3512 /* Release */ = {
			isa = XCBuildConfiguration;
			buildSettings = {
				ASSETCATALOG_COMPILER_APPICON_NAME = AppIcon;
				INFOPLIST_FILE = SecondKadaiApp/Info.plist;
				LD_RUNPATH_SEARCH_PATHS = "$(inherited) @executable_path/Frameworks";
				PRODUCT_BUNDLE_IDENTIFIER = "jp.techacademy.yukichi-github.SecondKadaiApp";
				PRODUCT_NAME = "$(TARGET_NAME)";
				SWIFT_VERSION = 3.0;
			};
			name = Release;
		};
		9AE72A141F87ABA900AB3512 /* Debug */ = {
			isa = XCBuildConfiguration;
			buildSettings = {
				ALWAYS_EMBED_SWIFT_STANDARD_LIBRARIES = YES;
				BUNDLE_LOADER = "$(TEST_HOST)";
				INFOPLIST_FILE = SecondKadaiAppTests/Info.plist;
				LD_RUNPATH_SEARCH_PATHS = "$(inherited) @executable_path/Frameworks @loader_path/Frameworks";
				PRODUCT_BUNDLE_IDENTIFIER = "jp.techacademy.yukichi-github.SecondKadaiAppTests";
				PRODUCT_NAME = "$(TARGET_NAME)";
				SWIFT_VERSION = 3.0;
				TEST_HOST = "$(BUILT_PRODUCTS_DIR)/SecondKadaiApp.app/SecondKadaiApp";
			};
			name = Debug;
		};
		9AE72A151F87ABA900AB3512 /* Release */ = {
			isa = XCBuildConfiguration;
			buildSettings = {
				ALWAYS_EMBED_SWIFT_STANDARD_LIBRARIES = YES;
				BUNDLE_LOADER = "$(TEST_HOST)";
				INFOPLIST_FILE = SecondKadaiAppTests/Info.plist;
				LD_RUNPATH_SEARCH_PATHS = "$(inherited) @executable_path/Frameworks @loader_path/Frameworks";
				PRODUCT_BUNDLE_IDENTIFIER = "jp.techacademy.yukichi-github.SecondKadaiAppTests";
				PRODUCT_NAME = "$(TARGET_NAME)";
				SWIFT_VERSION = 3.0;
				TEST_HOST = "$(BUILT_PRODUCTS_DIR)/SecondKadaiApp.app/SecondKadaiApp";
			};
			name = Release;
		};
		9AE72A171F87ABA900AB3512 /* Debug */ = {
			isa = XCBuildConfiguration;
			buildSettings = {
				ALWAYS_EMBED_SWIFT_STANDARD_LIBRARIES = YES;
				INFOPLIST_FILE = SecondKadaiAppUITests/Info.plist;
				LD_RUNPATH_SEARCH_PATHS = "$(inherited) @executable_path/Frameworks @loader_path/Frameworks";
				PRODUCT_BUNDLE_IDENTIFIER = "jp.techacademy.yukichi-github.SecondKadaiAppUITests";
				PRODUCT_NAME = "$(TARGET_NAME)";
				SWIFT_VERSION = 3.0;
				TEST_TARGET_NAME = SecondKadaiApp;
			};
			name = Debug;
		};
		9AE72A181F87ABA900AB3512 /* Release */ = {
			isa = XCBuildConfiguration;
			buildSettings = {
				ALWAYS_EMBED_SWIFT_STANDARD_LIBRARIES = YES;
				INFOPLIST_FILE = SecondKadaiAppUITests/Info.plist;
				LD_RUNPATH_SEARCH_PATHS = "$(inherited) @executable_path/Frameworks @loader_path/Frameworks";
				PRODUCT_BUNDLE_IDENTIFIER = "jp.techacademy.yukichi-github.SecondKadaiAppUITests";
				PRODUCT_NAME = "$(TARGET_NAME)";
				SWIFT_VERSION = 3.0;
				TEST_TARGET_NAME = SecondKadaiApp;
			};
			name = Release;
		};
/* End XCBuildConfiguration section */

/* Begin XCConfigurationList section */
		9AE729E31F87ABA900AB3512 /* Build configuration list for PBXProject "SecondKadaiApp" */ = {
			isa = XCConfigurationList;
			buildConfigurations = (
				9AE72A0E1F87ABA900AB3512 /* Debug */,
				9AE72A0F1F87ABA900AB3512 /* Release */,
			);
			defaultConfigurationIsVisible = 0;
			defaultConfigurationName = Release;
		};
		9AE72A101F87ABA900AB3512 /* Build configuration list for PBXNativeTarget "SecondKadaiApp" */ = {
			isa = XCConfigurationList;
			buildConfigurations = (
				9AE72A111F87ABA900AB3512 /* Debug */,
				9AE72A121F87ABA900AB3512 /* Release */,
			);
			defaultConfigurationIsVisible = 0;
		};
		9AE72A131F87ABA900AB3512 /* Build configuration list for PBXNativeTarget "SecondKadaiAppTests" */ = {
			isa = XCConfigurationList;
			buildConfigurations = (
				9AE72A141F87ABA900AB3512 /* Debug */,
				9AE72A151F87ABA900AB3512 /* Release */,
			);
			defaultConfigurationIsVisible = 0;
		};
		9AE72A161F87ABA900AB3512 /* Build configuration list for PBXNativeTarget "SecondKadaiAppUITests" */ = {
			isa = XCConfigurationList;
			buildConfigurations = (
				9AE72A171F87ABA900AB3512 /* Debug */,
				9AE72A181F87ABA900AB3512 /* Release */,
			);
			defaultConfigurationIsVisible = 0;
		};
/* End XCConfigurationList section */
	};
	rootObject = 9AE729E01F87ABA900AB3512 /* Project object */;
}
